Microsoft Visual Studio Solution File, Format Version 12.00
# Visual Studio Version 17
VisualStudioVersion = 17.0.31912.275
MinimumVisualStudioVersion = 10.0.40219.1
Project("{2150E333-8FDC-42A3-9474-1A3956D46DE8}") = "libs", "libs", "{9BA0186A-4FCB-4FB3-96E8-B0961971A4B5}"
EndProject
Project("{FAE04EC0-301F-11D3-BF4B-00C04F79EFBC}") = "Se.Aws.Shared.Helpers", "libs\Se.Aws.Shared.Helpers\Se.Aws.Shared.Helpers.csproj", "{C51EAE66-03E9-4DA6-BCD2-E61E0CB3D4DB}"
EndProject
Project("{2150E333-8FDC-42A3-9474-1A3956D46DE8}") = "stacks", "stacks", "{B4CD11EC-0219-48D2-B469-AFA144F33A54}"
EndProject
Project("{2150E333-8FDC-42A3-9474-1A3956D46DE8}") = "Cost", "Cost", "{F6753C2F-345E-4ECB-812A-776137A26DDE}"
EndProject
Project("{2150E333-8FDC-42A3-9474-1A3956D46DE8}") = "src", "src", "{A4E3B4E7-A848-4C60-8119-1CF4D44F1FCF}"
EndProject
Project("{2150E333-8FDC-42A3-9474-1A3956D46DE8}") = "cdk", "cdk", "{B8E4F2D9-A123-4567-89AB-CDEF01234567}"
EndProject
Project("{FAE04EC0-301F-11D3-BF4B-00C04F79EFBC}") = "Se.Aws.Cost.Guard.Lambda", "stacks\Cost\src\Se.Aws.Cost.Guard.Lambda\Se.Aws.Cost.Guard.Lambda.csproj", "{02A8CF55-26E1-4803-B9DD-0B7501639AD2}"
EndProject
Project("{FAE04EC0-301F-11D3-BF4B-00C04F79EFBC}") = "Se.Cost.Stack", "stacks\Cost\cdk\Se.Cost.Stack\Se.Cost.Stack.csproj", "{12345678-1234-1234-1234-123456789ABC}"
EndProject
Project("{FAE04EC0-301F-11D3-BF4B-00C04F79EFBC}") = "Se.Cdk.App", "stacks\Cost\cdk\Se.Cdk.App\Se.Cdk.App.csproj", "{87654321-4321-4321-4321-CBA987654321}"
EndProject
Project("{2150E333-8FDC-42A3-9474-1A3956D46DE8}") = "FeatureFlags", "FeatureFlags", "{5EBAC21A-F2EC-435E-B1E1-FE5DD0873EBB}"
EndProject
Project("{FAE04EC0-301F-11D3-BF4B-00C04F79EFBC}") = "Se.Cli", "stacks\Tools\src\Se.Cli\Se.Cli.csproj", "{B1E3C6D2-2222-4E2B-9CDE-ABCDEF123456}"
EndProject
Project("{FAE04EC0-301F-11D3-BF4B-00C04F79EFBC}") = "Se.Common", "libs\Se.Common\Se.Common.csproj", "{E2C4A6B8-3333-4F2B-9CDE-ABCDEF654321}"
EndProject
Project("{2150E333-8FDC-42A3-9474-1A3956D46DE8}") = "src", "src", "{0B13BF0A-313D-4271-9BCC-A131D2B79AF5}"
EndProject
Project("{FAE04EC0-301F-11D3-BF4B-00C04F79EFBC}") = "Se.FeatureFlags.Api", "stacks\FeatureFlags\src\Se.FeatureFlags.Api\Se.FeatureFlags.Api.csproj", "{BAD1C325-2BB9-4ACA-8ECC-EEF6FAFFDF4A}"
EndProject
Global
	GlobalSection(SolutionConfigurationPlatforms) = preSolution
		Debug|Any CPU = Debug|Any CPU
		Debug|x64 = Debug|x64
		Debug|x86 = Debug|x86
		Release|Any CPU = Release|Any CPU
		Release|x64 = Release|x64
		Release|x86 = Release|x86
	EndGlobalSection
	GlobalSection(ProjectConfigurationPlatforms) = postSolution
		{C51EAE66-03E9-4DA6-BCD2-E61E0CB3D4DB}.Debug|Any CPU.ActiveCfg = Debug|Any CPU
		{C51EAE66-03E9-4DA6-BCD2-E61E0CB3D4DB}.Debug|Any CPU.Build.0 = Debug|Any CPU
		{C51EAE66-03E9-4DA6-BCD2-E61E0CB3D4DB}.Debug|x64.ActiveCfg = Debug|Any CPU
		{C51EAE66-03E9-4DA6-BCD2-E61E0CB3D4DB}.Debug|x64.Build.0 = Debug|Any CPU
		{C51EAE66-03E9-4DA6-BCD2-E61E0CB3D4DB}.Debug|x86.ActiveCfg = Debug|Any CPU
		{C51EAE66-03E9-4DA6-BCD2-E61E0CB3D4DB}.Debug|x86.Build.0 = Debug|Any CPU
		{C51EAE66-03E9-4DA6-BCD2-E61E0CB3D4DB}.Release|Any CPU.ActiveCfg = Release|Any CPU
		{C51EAE66-03E9-4DA6-BCD2-E61E0CB3D4DB}.Release|Any CPU.Build.0 = Release|Any CPU
		{C51EAE66-03E9-4DA6-BCD2-E61E0CB3D4DB}.Release|x64.ActiveCfg = Release|Any CPU
		{C51EAE66-03E9-4DA6-BCD2-E61E0CB3D4DB}.Release|x64.Build.0 = Release|Any CPU
		{C51EAE66-03E9-4DA6-BCD2-E61E0CB3D4DB}.Release|x86.ActiveCfg = Release|Any CPU
		{C51EAE66-03E9-4DA6-BCD2-E61E0CB3D4DB}.Release|x86.Build.0 = Release|Any CPU
		{12345678-1234-1234-1234-123456789ABC}.Debug|Any CPU.ActiveCfg = Debug|Any CPU
		{12345678-1234-1234-1234-123456789ABC}.Debug|Any CPU.Build.0 = Debug|Any CPU
		{12345678-1234-1234-1234-123456789ABC}.Debug|x64.ActiveCfg = Debug|Any CPU
		{12345678-1234-1234-1234-123456789ABC}.Debug|x64.Build.0 = Debug|Any CPU
		{12345678-1234-1234-1234-123456789ABC}.Debug|x86.ActiveCfg = Debug|Any CPU
		{12345678-1234-1234-1234-123456789ABC}.Debug|x86.Build.0 = Debug|Any CPU
		{12345678-1234-1234-1234-123456789ABC}.Release|Any CPU.ActiveCfg = Release|Any CPU
		{12345678-1234-1234-1234-123456789ABC}.Release|Any CPU.Build.0 = Release|Any CPU
		{12345678-1234-1234-1234-123456789ABC}.Release|x64.ActiveCfg = Release|Any CPU
		{12345678-1234-1234-1234-123456789ABC}.Release|x64.Build.0 = Release|Any CPU
		{12345678-1234-1234-1234-123456789ABC}.Release|x86.ActiveCfg = Release|Any CPU
		{12345678-1234-1234-1234-123456789ABC}.Release|x86.Build.0 = Release|Any CPU
		{87654321-4321-4321-4321-CBA987654321}.Debug|Any CPU.ActiveCfg = Debug|Any CPU
		{87654321-4321-4321-4321-CBA987654321}.Debug|Any CPU.Build.0 = Debug|Any CPU
		{87654321-4321-4321-4321-CBA987654321}.Debug|x64.ActiveCfg = Debug|Any CPU
		{87654321-4321-4321-4321-CBA987654321}.Debug|x64.Build.0 = Debug|Any CPU
		{87654321-4321-4321-4321-CBA987654321}.Debug|x86.ActiveCfg = Debug|Any CPU
		{87654321-4321-4321-4321-CBA987654321}.Debug|x86.Build.0 = Debug|Any CPU
		{87654321-4321-4321-4321-CBA987654321}.Release|Any CPU.ActiveCfg = Release|Any CPU
		{87654321-4321-4321-4321-CBA987654321}.Release|Any CPU.Build.0 = Release|Any CPU
		{87654321-4321-4321-4321-CBA987654321}.Release|x64.ActiveCfg = Release|Any CPU
		{87654321-4321-4321-4321-CBA987654321}.Release|x64.Build.0 = Release|Any CPU
		{87654321-4321-4321-4321-CBA987654321}.Release|x86.ActiveCfg = Release|Any CPU
		{87654321-4321-4321-4321-CBA987654321}.Release|x86.Build.0 = Release|Any CPU
		{02A8CF55-26E1-4803-B9DD-0B7501639AD2}.Debug|Any CPU.ActiveCfg = Debug|Any CPU
		{02A8CF55-26E1-4803-B9DD-0B7501639AD2}.Debug|Any CPU.Build.0 = Debug|Any CPU
		{02A8CF55-26E1-4803-B9DD-0B7501639AD2}.Debug|x64.ActiveCfg = Debug|Any CPU
		{02A8CF55-26E1-4803-B9DD-0B7501639AD2}.Debug|x64.Build.0 = Debug|Any CPU
		{02A8CF55-26E1-4803-B9DD-0B7501639AD2}.Debug|x86.ActiveCfg = Debug|Any CPU
		{02A8CF55-26E1-4803-B9DD-0B7501639AD2}.Debug|x86.Build.0 = Debug|Any CPU
		{02A8CF55-26E1-4803-B9DD-0B7501639AD2}.Release|Any CPU.ActiveCfg = Release|Any CPU
		{02A8CF55-26E1-4803-B9DD-0B7501639AD2}.Release|Any CPU.Build.0 = Release|Any CPU
		{02A8CF55-26E1-4803-B9DD-0B7501639AD2}.Release|x64.ActiveCfg = Release|Any CPU
		{02A8CF55-26E1-4803-B9DD-0B7501639AD2}.Release|x64.Build.0 = Release|Any CPU
		{02A8CF55-26E1-4803-B9DD-0B7501639AD2}.Release|x86.ActiveCfg = Release|Any CPU
		{02A8CF55-26E1-4803-B9DD-0B7501639AD2}.Release|x86.Build.0 = Release|Any CPU
		{BAD1C325-2BB9-4ACA-8ECC-EEF6FAFFDF4A}.Debug|Any CPU.ActiveCfg = Debug|Any CPU
		{BAD1C325-2BB9-4ACA-8ECC-EEF6FAFFDF4A}.Debug|Any CPU.Build.0 = Debug|Any CPU
		{BAD1C325-2BB9-4ACA-8ECC-EEF6FAFFDF4A}.Debug|x64.ActiveCfg = Debug|Any CPU
		{BAD1C325-2BB9-4ACA-8ECC-EEF6FAFFDF4A}.Debug|x64.Build.0 = Debug|Any CPU
		{BAD1C325-2BB9-4ACA-8ECC-EEF6FAFFDF4A}.Debug|x86.ActiveCfg = Debug|Any CPU
		{BAD1C325-2BB9-4ACA-8ECC-EEF6FAFFDF4A}.Debug|x86.Build.0 = Debug|Any CPU
		{BAD1C325-2BB9-4ACA-8ECC-EEF6FAFFDF4A}.Release|Any CPU.ActiveCfg = Release|Any CPU
		{BAD1C325-2BB9-4ACA-8ECC-EEF6FAFFDF4A}.Release|Any CPU.Build.0 = Release|Any CPU
		{BAD1C325-2BB9-4ACA-8ECC-EEF6FAFFDF4A}.Release|x64.ActiveCfg = Release|Any CPU
		{BAD1C325-2BB9-4ACA-8ECC-EEF6FAFFDF4A}.Release|x64.Build.0 = Release|Any CPU
		{BAD1C325-2BB9-4ACA-8ECC-EEF6FAFFDF4A}.Release|x86.ActiveCfg = Release|Any CPU
		{BAD1C325-2BB9-4ACA-8ECC-EEF6FAFFDF4A}.Release|x86.Build.0 = Release|Any CPU
		{B1E3C6D2-2222-4E2B-9CDE-ABCDEF123456}.Debug|Any CPU.ActiveCfg = Debug|Any CPU
		{B1E3C6D2-2222-4E2B-9CDE-ABCDEF123456}.Debug|Any CPU.Build.0 = Debug|Any CPU
		{B1E3C6D2-2222-4E2B-9CDE-ABCDEF123456}.Debug|x64.ActiveCfg = Debug|Any CPU
		{B1E3C6D2-2222-4E2B-9CDE-ABCDEF123456}.Debug|x64.Build.0 = Debug|Any CPU
		{B1E3C6D2-2222-4E2B-9CDE-ABCDEF123456}.Debug|x86.ActiveCfg = Debug|Any CPU
		{B1E3C6D2-2222-4E2B-9CDE-ABCDEF123456}.Debug|x86.Build.0 = Debug|Any CPU
		{B1E3C6D2-2222-4E2B-9CDE-ABCDEF123456}.Release|Any CPU.ActiveCfg = Release|Any CPU
		{B1E3C6D2-2222-4E2B-9CDE-ABCDEF123456}.Release|Any CPU.Build.0 = Release|Any CPU
		{B1E3C6D2-2222-4E2B-9CDE-ABCDEF123456}.Release|x64.ActiveCfg = Release|Any CPU
		{B1E3C6D2-2222-4E2B-9CDE-ABCDEF123456}.Release|x64.Build.0 = Release|Any CPU
		{B1E3C6D2-2222-4E2B-9CDE-ABCDEF123456}.Release|x86.ActiveCfg = Release|Any CPU
		{B1E3C6D2-2222-4E2B-9CDE-ABCDEF123456}.Release|x86.Build.0 = Release|Any CPU
	EndGlobalSection
	GlobalSection(NestedProjects) = preSolution
		{C51EAE66-03E9-4DA6-BCD2-E61E0CB3D4DB} = {9BA0186A-4FCB-4FB3-96E8-B0961971A4B5}
		{F6753C2F-345E-4ECB-812A-776137A26DDE} = {B4CD11EC-0219-48D2-B469-AFA144F33A54}
		{A4E3B4E7-A848-4C60-8119-1CF4D44F1FCF} = {F6753C2F-345E-4ECB-812A-776137A26DDE}
		{B8E4F2D9-A123-4567-89AB-CDEF01234567} = {F6753C2F-345E-4ECB-812A-776137A26DDE}
		{02A8CF55-26E1-4803-B9DD-0B7501639AD2} = {A4E3B4E7-A848-4C60-8119-1CF4D44F1FCF}
		{12345678-1234-1234-1234-123456789ABC} = {B8E4F2D9-A123-4567-89AB-CDEF01234567}
		{87654321-4321-4321-4321-CBA987654321} = {B8E4F2D9-A123-4567-89AB-CDEF01234567}
		{5EBAC21A-F2EC-435E-B1E1-FE5DD0873EBB} = {B4CD11EC-0219-48D2-B469-AFA144F33A54}
		{0B13BF0A-313D-4271-9BCC-A131D2B79AF5} = {5EBAC21A-F2EC-435E-B1E1-FE5DD0873EBB}
		{BAD1C325-2BB9-4ACA-8ECC-EEF6FAFFDF4A} = {0B13BF0A-313D-4271-9BCC-A131D2B79AF5}
	EndGlobalSection
EndGlobal
